
Microsoft Visual Studio Solution File, Format Version 12.00
# Visual Studio Version 17
VisualStudioVersion = 17.7.34031.279
MinimumVisualStudioVersion = 10.0.40219.1
Project("{FAE04EC0-301F-11D3-BF4B-00C04F79EFBC}") = "messenger", "messenger\messenger.csproj", "{BEB7B88E-DD2F-41AC-9B3A-6168944B5392}"
EndProject
Global
	GlobalSection(SolutionConfigurationPlatforms) = preSolution
		Debug|Any CPU = Debug|Any CPU
		Release|Any CPU = Release|Any CPU
	EndGlobalSection
	GlobalSection(ProjectConfigurationPlatforms) = postSolution
		{BEB7B88E-DD2F-41AC-9B3A-6168944B5392}.Debug|Any CPU.ActiveCfg = Debug|Any CPU
		{BEB7B88E-DD2F-41AC-9B3A-6168944B5392}.Debug|Any CPU.Build.0 = Debug|Any CPU
		{BEB7B88E-DD2F-41AC-9B3A-6168944B5392}.Release|Any CPU.ActiveCfg = Release|Any CPU
		{BEB7B88E-DD2F-41AC-9B3A-6168944B5392}.Release|Any CPU.Build.0 = Release|Any CPU
	EndGlobalSection
	GlobalSection(SolutionProperties) = preSolution
		HideSolutionNode = FALSE
	EndGlobalSection
	GlobalSection(ExtensibilityGlobals) = postSolution
		SolutionGuid = {3FA18E89-7C36-4FB5-AF2F-C76379E414EE}
	EndGlobalSection
EndGlobal
