
Microsoft Visual Studio Solution File, Format Version 12.00
# Visual Studio Version 17
VisualStudioVersion = 17.7.34031.279
MinimumVisualStudioVersion = 10.0.40219.1
Project("{FAE04EC0-301F-11D3-BF4B-00C04F79EFBC}") = "ceva caine", "ceva caine\ceva caine.csproj", "{B3BF071C-CAC4-40E7-BB27-DC6768E17A9A}"
EndProject
Global
	GlobalSection(SolutionConfigurationPlatforms) = preSolution
		Debug|Any CPU = Debug|Any CPU
		Release|Any CPU = Release|Any CPU
	EndGlobalSection
	GlobalSection(ProjectConfigurationPlatforms) = postSolution
		{B3BF071C-CAC4-40E7-BB27-DC6768E17A9A}.Debug|Any CPU.ActiveCfg = Debug|Any CPU
		{B3BF071C-CAC4-40E7-BB27-DC6768E17A9A}.Debug|Any CPU.Build.0 = Debug|Any CPU
		{B3BF071C-CAC4-40E7-BB27-DC6768E17A9A}.Release|Any CPU.ActiveCfg = Release|Any CPU
		{B3BF071C-CAC4-40E7-BB27-DC6768E17A9A}.Release|Any CPU.Build.0 = Release|Any CPU
	EndGlobalSection
	GlobalSection(SolutionProperties) = preSolution
		HideSolutionNode = FALSE
	EndGlobalSection
	GlobalSection(ExtensibilityGlobals) = postSolution
		SolutionGuid = {85E5656D-1CEB-4B3D-A635-E52DF21D3A43}
	EndGlobalSection
EndGlobal
