
Microsoft Visual Studio Solution File, Format Version 12.00
# Visual Studio Version 17
VisualStudioVersion = 17.7.34031.279
MinimumVisualStudioVersion = 10.0.40219.1
Project("{FAE04EC0-301F-11D3-BF4B-00C04F79EFBC}") = "sprite_test", "sprite_test\sprite_test.csproj", "{7F58B841-40AD-4624-BFF4-4724C9680EB0}"
EndProject
Global
	GlobalSection(SolutionConfigurationPlatforms) = preSolution
		Debug|Any CPU = Debug|Any CPU
		Release|Any CPU = Release|Any CPU
	EndGlobalSection
	GlobalSection(ProjectConfigurationPlatforms) = postSolution
		{7F58B841-40AD-4624-BFF4-4724C9680EB0}.Debug|Any CPU.ActiveCfg = Debug|Any CPU
		{7F58B841-40AD-4624-BFF4-4724C9680EB0}.Debug|Any CPU.Build.0 = Debug|Any CPU
		{7F58B841-40AD-4624-BFF4-4724C9680EB0}.Release|Any CPU.ActiveCfg = Release|Any CPU
		{7F58B841-40AD-4624-BFF4-4724C9680EB0}.Release|Any CPU.Build.0 = Release|Any CPU
	EndGlobalSection
	GlobalSection(SolutionProperties) = preSolution
		HideSolutionNode = FALSE
	EndGlobalSection
	GlobalSection(ExtensibilityGlobals) = postSolution
		SolutionGuid = {8085ACDD-BFED-4F0B-A328-BD38473CA7D0}
	EndGlobalSection
EndGlobal
